
Microsoft Visual Studio Solution File, Format Version 12.00
# Visual Studio Version 16
VisualStudioVersion = 16.0.31729.503
MinimumVisualStudioVersion = 10.0.40219.1
Project("{FAE04EC0-301F-11D3-BF4B-00C04F79EFBC}") = "AquaStoreAPI", "AquaStoreAPI\AquaStoreAPI.csproj", "{D785E5B7-B201-4DE8-BF00-63F1FF85A190}"
EndProject
Global
	GlobalSection(SolutionConfigurationPlatforms) = preSolution
		Debug|Any CPU = Debug|Any CPU
		Release|Any CPU = Release|Any CPU
	EndGlobalSection
	GlobalSection(ProjectConfigurationPlatforms) = postSolution
		{D785E5B7-B201-4DE8-BF00-63F1FF85A190}.Debug|Any CPU.ActiveCfg = Debug|Any CPU
		{D785E5B7-B201-4DE8-BF00-63F1FF85A190}.Debug|Any CPU.Build.0 = Debug|Any CPU
		{D785E5B7-B201-4DE8-BF00-63F1FF85A190}.Release|Any CPU.ActiveCfg = Release|Any CPU
		{D785E5B7-B201-4DE8-BF00-63F1FF85A190}.Release|Any CPU.Build.0 = Release|Any CPU
	EndGlobalSection
	GlobalSection(SolutionProperties) = preSolution
		HideSolutionNode = FALSE
	EndGlobalSection
	GlobalSection(ExtensibilityGlobals) = postSolution
		SolutionGuid = {EEAC154D-E750-49EB-A1FA-7F10A74FD049}
	EndGlobalSection
EndGlobal
